
Microsoft Visual Studio Solution File, Format Version 12.00
# Visual Studio 15
VisualStudioVersion = 15.0.26430.16
MinimumVisualStudioVersion = 10.0.40219.1
Project("{2150E333-8FDC-42A3-9474-1A3956D46DE8}") = "1 - Presentation", "1 - Presentation", "{744C61D1-39B4-48F3-8644-B05B895A6BC0}"
EndProject
Project("{2150E333-8FDC-42A3-9474-1A3956D46DE8}") = "1.1 - Prototype", "1.1 - Prototype", "{986CB670-0EDF-4875-A42D-78FBFA67A4CF}"
EndProject
Project("{FAE04EC0-301F-11D3-BF4B-00C04F79EFBC}") = "Finanseed.Presentation.Prototype", "Finanseed.Presentation.Prototype\Finanseed.Presentation.Prototype.csproj", "{0C6B2496-E8AD-4C80-9F52-3EF9C60AFD3A}"
EndProject
Project("{2150E333-8FDC-42A3-9474-1A3956D46DE8}") = "1.2 - API", "1.2 - API", "{C86A5947-3947-43C9-9E95-89B604B30583}"
EndProject
Project("{2150E333-8FDC-42A3-9474-1A3956D46DE8}") = "1.3 - WEB", "1.3 - WEB", "{892B8681-02D1-479E-9638-9167C1BE6214}"
EndProject
Project("{2150E333-8FDC-42A3-9474-1A3956D46DE8}") = "2 - ApplicationServices", "2 - ApplicationServices", "{BE4E87E7-4E3A-47D2-A6EA-E766C01DAAB9}"
EndProject
Project("{2150E333-8FDC-42A3-9474-1A3956D46DE8}") = "3 - Domain", "3 - Domain", "{214831DC-D2C5-473B-8CE9-16D2FF8A26AC}"
EndProject
Project("{2150E333-8FDC-42A3-9474-1A3956D46DE8}") = "4 - Infra", "4 - Infra", "{5FE67C49-4178-4B33-A2DB-E70F468D9AE4}"
EndProject
Project("{2150E333-8FDC-42A3-9474-1A3956D46DE8}") = "5 - Test", "5 - Test", "{8C8700D9-887C-406B-AFEE-9A9FABB0F9C9}"
EndProject
Project("{2150E333-8FDC-42A3-9474-1A3956D46DE8}") = "4.1 - Data", "4.1 - Data", "{C4600D1E-955B-4483-B044-3AAEE0E6575C}"
EndProject
Project("{2150E333-8FDC-42A3-9474-1A3956D46DE8}") = "4.2 - DI", "4.2 - DI", "{40AABAC4-39C2-41AD-A429-FFC7EAA28235}"
EndProject
Project("{FAE04EC0-301F-11D3-BF4B-00C04F79EFBC}") = "Finanseed.Domain", "Finanseed.Infra.Domain\Finanseed.Domain.csproj", "{28537682-87E4-4CC6-B3F3-14294D77948D}"
EndProject
Project("{FAE04EC0-301F-11D3-BF4B-00C04F79EFBC}") = "Finanseed.Infra.Data", "Finanseed.Infra.Data\Finanseed.Infra.Data.csproj", "{9FE95909-89C5-4B97-818E-BCC173EBEE10}"
EndProject
Global
	GlobalSection(SolutionConfigurationPlatforms) = preSolution
		Debug|Any CPU = Debug|Any CPU
		Release|Any CPU = Release|Any CPU
	EndGlobalSection
	GlobalSection(ProjectConfigurationPlatforms) = postSolution
		{0C6B2496-E8AD-4C80-9F52-3EF9C60AFD3A}.Debug|Any CPU.ActiveCfg = Debug|Any CPU
		{0C6B2496-E8AD-4C80-9F52-3EF9C60AFD3A}.Debug|Any CPU.Build.0 = Debug|Any CPU
		{0C6B2496-E8AD-4C80-9F52-3EF9C60AFD3A}.Release|Any CPU.ActiveCfg = Release|Any CPU
		{0C6B2496-E8AD-4C80-9F52-3EF9C60AFD3A}.Release|Any CPU.Build.0 = Release|Any CPU
		{28537682-87E4-4CC6-B3F3-14294D77948D}.Debug|Any CPU.ActiveCfg = Debug|Any CPU
		{28537682-87E4-4CC6-B3F3-14294D77948D}.Debug|Any CPU.Build.0 = Debug|Any CPU
		{28537682-87E4-4CC6-B3F3-14294D77948D}.Release|Any CPU.ActiveCfg = Release|Any CPU
		{28537682-87E4-4CC6-B3F3-14294D77948D}.Release|Any CPU.Build.0 = Release|Any CPU
		{9FE95909-89C5-4B97-818E-BCC173EBEE10}.Debug|Any CPU.ActiveCfg = Debug|Any CPU
		{9FE95909-89C5-4B97-818E-BCC173EBEE10}.Debug|Any CPU.Build.0 = Debug|Any CPU
		{9FE95909-89C5-4B97-818E-BCC173EBEE10}.Release|Any CPU.ActiveCfg = Release|Any CPU
		{9FE95909-89C5-4B97-818E-BCC173EBEE10}.Release|Any CPU.Build.0 = Release|Any CPU
	EndGlobalSection
	GlobalSection(SolutionProperties) = preSolution
		HideSolutionNode = FALSE
	EndGlobalSection
	GlobalSection(NestedProjects) = preSolution
		{986CB670-0EDF-4875-A42D-78FBFA67A4CF} = {744C61D1-39B4-48F3-8644-B05B895A6BC0}
		{0C6B2496-E8AD-4C80-9F52-3EF9C60AFD3A} = {986CB670-0EDF-4875-A42D-78FBFA67A4CF}
		{C86A5947-3947-43C9-9E95-89B604B30583} = {744C61D1-39B4-48F3-8644-B05B895A6BC0}
		{892B8681-02D1-479E-9638-9167C1BE6214} = {744C61D1-39B4-48F3-8644-B05B895A6BC0}
		{C4600D1E-955B-4483-B044-3AAEE0E6575C} = {5FE67C49-4178-4B33-A2DB-E70F468D9AE4}
		{40AABAC4-39C2-41AD-A429-FFC7EAA28235} = {5FE67C49-4178-4B33-A2DB-E70F468D9AE4}
		{28537682-87E4-4CC6-B3F3-14294D77948D} = {214831DC-D2C5-473B-8CE9-16D2FF8A26AC}
		{9FE95909-89C5-4B97-818E-BCC173EBEE10} = {C4600D1E-955B-4483-B044-3AAEE0E6575C}
	EndGlobalSection
EndGlobal
