
Microsoft Visual Studio Solution File, Format Version 12.00
# Visual Studio 14
VisualStudioVersion = 14.0.25420.1
MinimumVisualStudioVersion = 10.0.40219.1
Project("{2150E333-8FDC-42A3-9474-1A3956D46DE8}") = "1 - Presentation", "1 - Presentation", "{744C61D1-39B4-48F3-8644-B05B895A6BC0}"
EndProject
Project("{2150E333-8FDC-42A3-9474-1A3956D46DE8}") = "2 - Application", "2 - Application", "{BE4E87E7-4E3A-47D2-A6EA-E766C01DAAB9}"
EndProject
Project("{2150E333-8FDC-42A3-9474-1A3956D46DE8}") = "3 - Domain", "3 - Domain", "{214831DC-D2C5-473B-8CE9-16D2FF8A26AC}"
EndProject
Project("{2150E333-8FDC-42A3-9474-1A3956D46DE8}") = "4 - Infra", "4 - Infra", "{5FE67C49-4178-4B33-A2DB-E70F468D9AE4}"
EndProject
Project("{2150E333-8FDC-42A3-9474-1A3956D46DE8}") = "5 - Test", "5 - Test", "{8C8700D9-887C-406B-AFEE-9A9FABB0F9C9}"
EndProject
Project("{2150E333-8FDC-42A3-9474-1A3956D46DE8}") = "4.1 - Data", "4.1 - Data", "{C4600D1E-955B-4483-B044-3AAEE0E6575C}"
EndProject
Project("{2150E333-8FDC-42A3-9474-1A3956D46DE8}") = "4.2.1 - IoC", "4.2.1 - IoC", "{40AABAC4-39C2-41AD-A429-FFC7EAA28235}"
EndProject
Project("{FAE04EC0-301F-11D3-BF4B-00C04F79EFBC}") = "Finanseed.Presentation", "Finanseed.Presentation\Finanseed.Presentation.csproj", "{18837438-E1DC-44EF-A8C5-C1CE3D232635}"
EndProject
Project("{2150E333-8FDC-42A3-9474-1A3956D46DE8}") = "4.2 - CrossCutting", "4.2 - CrossCutting", "{390383C4-8228-4EDD-9026-6E9D04196D98}"
EndProject
Project("{2150E333-8FDC-42A3-9474-1A3956D46DE8}") = "4.2.2 - Identity", "4.2.2 - Identity", "{BF7EAA8E-323C-49EA-A179-7A14057D6560}"
EndProject
Project("{FAE04EC0-301F-11D3-BF4B-00C04F79EFBC}") = "Finanseed.Infra.CrossCutting.Identity", "Finanseed.Infra.CrossCutting.Identity\Finanseed.Infra.CrossCutting.Identity.csproj", "{C8CE480B-28C0-4D3E-AF0D-7D76964C9A05}"
EndProject
Project("{FAE04EC0-301F-11D3-BF4B-00C04F79EFBC}") = "Finanseed.Infra.Data", "Finanseed.Infra.Data\Finanseed.Infra.Data.csproj", "{C5A650AD-29B0-46F3-A4E9-7B0B42179C2A}"
EndProject
Project("{FAE04EC0-301F-11D3-BF4B-00C04F79EFBC}") = "Finanseed.Domain", "Finanseed.Domain\Finanseed.Domain.csproj", "{AF37578E-99F9-4BE7-B740-872A31A1A5D5}"
EndProject
Project("{FAE04EC0-301F-11D3-BF4B-00C04F79EFBC}") = "Finanseed.Infra.CrossCutting.IoC", "Finanseed.Infra.CrossCutting.IoC\Finanseed.Infra.CrossCutting.IoC.csproj", "{8F4D845C-B110-4A1D-A1F0-B53C0D82598E}"
EndProject
Global
	GlobalSection(SolutionConfigurationPlatforms) = preSolution
		Debug|Any CPU = Debug|Any CPU
		Release|Any CPU = Release|Any CPU
	EndGlobalSection
	GlobalSection(ProjectConfigurationPlatforms) = postSolution
		{18837438-E1DC-44EF-A8C5-C1CE3D232635}.Debug|Any CPU.ActiveCfg = Debug|Any CPU
		{18837438-E1DC-44EF-A8C5-C1CE3D232635}.Debug|Any CPU.Build.0 = Debug|Any CPU
		{18837438-E1DC-44EF-A8C5-C1CE3D232635}.Release|Any CPU.ActiveCfg = Release|Any CPU
		{18837438-E1DC-44EF-A8C5-C1CE3D232635}.Release|Any CPU.Build.0 = Release|Any CPU
		{C8CE480B-28C0-4D3E-AF0D-7D76964C9A05}.Debug|Any CPU.ActiveCfg = Debug|Any CPU
		{C8CE480B-28C0-4D3E-AF0D-7D76964C9A05}.Debug|Any CPU.Build.0 = Debug|Any CPU
		{C8CE480B-28C0-4D3E-AF0D-7D76964C9A05}.Release|Any CPU.ActiveCfg = Release|Any CPU
		{C8CE480B-28C0-4D3E-AF0D-7D76964C9A05}.Release|Any CPU.Build.0 = Release|Any CPU
		{C5A650AD-29B0-46F3-A4E9-7B0B42179C2A}.Debug|Any CPU.ActiveCfg = Debug|Any CPU
		{C5A650AD-29B0-46F3-A4E9-7B0B42179C2A}.Debug|Any CPU.Build.0 = Debug|Any CPU
		{C5A650AD-29B0-46F3-A4E9-7B0B42179C2A}.Release|Any CPU.ActiveCfg = Release|Any CPU
		{C5A650AD-29B0-46F3-A4E9-7B0B42179C2A}.Release|Any CPU.Build.0 = Release|Any CPU
		{AF37578E-99F9-4BE7-B740-872A31A1A5D5}.Debug|Any CPU.ActiveCfg = Debug|Any CPU
		{AF37578E-99F9-4BE7-B740-872A31A1A5D5}.Debug|Any CPU.Build.0 = Debug|Any CPU
		{AF37578E-99F9-4BE7-B740-872A31A1A5D5}.Release|Any CPU.ActiveCfg = Release|Any CPU
		{AF37578E-99F9-4BE7-B740-872A31A1A5D5}.Release|Any CPU.Build.0 = Release|Any CPU
		{8F4D845C-B110-4A1D-A1F0-B53C0D82598E}.Debug|Any CPU.ActiveCfg = Debug|Any CPU
		{8F4D845C-B110-4A1D-A1F0-B53C0D82598E}.Debug|Any CPU.Build.0 = Debug|Any CPU
		{8F4D845C-B110-4A1D-A1F0-B53C0D82598E}.Release|Any CPU.ActiveCfg = Release|Any CPU
		{8F4D845C-B110-4A1D-A1F0-B53C0D82598E}.Release|Any CPU.Build.0 = Release|Any CPU
	EndGlobalSection
	GlobalSection(SolutionProperties) = preSolution
		HideSolutionNode = FALSE
	EndGlobalSection
	GlobalSection(NestedProjects) = preSolution
		{C4600D1E-955B-4483-B044-3AAEE0E6575C} = {5FE67C49-4178-4B33-A2DB-E70F468D9AE4}
		{40AABAC4-39C2-41AD-A429-FFC7EAA28235} = {390383C4-8228-4EDD-9026-6E9D04196D98}
		{18837438-E1DC-44EF-A8C5-C1CE3D232635} = {744C61D1-39B4-48F3-8644-B05B895A6BC0}
		{390383C4-8228-4EDD-9026-6E9D04196D98} = {5FE67C49-4178-4B33-A2DB-E70F468D9AE4}
		{BF7EAA8E-323C-49EA-A179-7A14057D6560} = {390383C4-8228-4EDD-9026-6E9D04196D98}
		{C8CE480B-28C0-4D3E-AF0D-7D76964C9A05} = {BF7EAA8E-323C-49EA-A179-7A14057D6560}
		{C5A650AD-29B0-46F3-A4E9-7B0B42179C2A} = {C4600D1E-955B-4483-B044-3AAEE0E6575C}
		{AF37578E-99F9-4BE7-B740-872A31A1A5D5} = {214831DC-D2C5-473B-8CE9-16D2FF8A26AC}
		{8F4D845C-B110-4A1D-A1F0-B53C0D82598E} = {40AABAC4-39C2-41AD-A429-FFC7EAA28235}
	EndGlobalSection
	GlobalSection(ExtensibilityGlobals) = postSolution
		SolutionGuid = {93C4DAF9-5C5B-41FC-8224-9610E092B92E}
	EndGlobalSection
EndGlobal
