
Microsoft Visual Studio Solution File, Format Version 12.00
# Visual Studio 15
VisualStudioVersion = 15.0.27004.2008
MinimumVisualStudioVersion = 10.0.40219.1
Project("{2150E333-8FDC-42A3-9474-1A3956D46DE8}") = "1 - Presentation", "1 - Presentation", "{744C61D1-39B4-48F3-8644-B05B895A6BC0}"
EndProject
Project("{2150E333-8FDC-42A3-9474-1A3956D46DE8}") = "3 - Application", "3 - Application", "{BE4E87E7-4E3A-47D2-A6EA-E766C01DAAB9}"
EndProject
Project("{2150E333-8FDC-42A3-9474-1A3956D46DE8}") = "4 - Domain", "4 - Domain", "{214831DC-D2C5-473B-8CE9-16D2FF8A26AC}"
EndProject
Project("{2150E333-8FDC-42A3-9474-1A3956D46DE8}") = "5 - Infra", "5 - Infra", "{5FE67C49-4178-4B33-A2DB-E70F468D9AE4}"
EndProject
Project("{2150E333-8FDC-42A3-9474-1A3956D46DE8}") = "6 - Test", "6 - Test", "{8C8700D9-887C-406B-AFEE-9A9FABB0F9C9}"
EndProject
Project("{2150E333-8FDC-42A3-9474-1A3956D46DE8}") = "5.1 - Data", "5.1 - Data", "{C4600D1E-955B-4483-B044-3AAEE0E6575C}"
EndProject
Project("{2150E333-8FDC-42A3-9474-1A3956D46DE8}") = "5.2.1 - IoC", "5.2.1 - IoC", "{40AABAC4-39C2-41AD-A429-FFC7EAA28235}"
EndProject
Project("{2150E333-8FDC-42A3-9474-1A3956D46DE8}") = "5.2 - CrossCutting", "5.2 - CrossCutting", "{390383C4-8228-4EDD-9026-6E9D04196D98}"
EndProject
Project("{FAE04EC0-301F-11D3-BF4B-00C04F79EFBC}") = "Finanseed.Infra.Data", "Finanseed.Infra.Data\Finanseed.Infra.Data.csproj", "{C5A650AD-29B0-46F3-A4E9-7B0B42179C2A}"
EndProject
Project("{FAE04EC0-301F-11D3-BF4B-00C04F79EFBC}") = "Finanseed.Domain", "Finanseed.Domain\Finanseed.Domain.csproj", "{AF37578E-99F9-4BE7-B740-872A31A1A5D5}"
EndProject
Project("{FAE04EC0-301F-11D3-BF4B-00C04F79EFBC}") = "Finanseed.Infra.CrossCutting.IoC", "Finanseed.Infra.CrossCutting.IoC\Finanseed.Infra.CrossCutting.IoC.csproj", "{8F4D845C-B110-4A1D-A1F0-B53C0D82598E}"
EndProject
Project("{2150E333-8FDC-42A3-9474-1A3956D46DE8}") = "2 - Services", "2 - Services", "{91C90149-0572-4A62-8FBD-07675A6EEC2F}"
EndProject
Project("{FAE04EC0-301F-11D3-BF4B-00C04F79EFBC}") = "Finanseed.Application", "Finanseed.Application\Finanseed.Application.csproj", "{9B2A2D0A-3F18-49F1-BEF5-828E302B5B4F}"
EndProject
Project("{9A19103F-16F7-4668-BE54-9A1E7A4F7556}") = "Finanseed.CoreService", "Finanseed.CoreService\Finanseed.CoreService.csproj", "{78BEF6A6-92E8-4303-BE5A-909C5C827F9C}"
EndProject
Project("{E53339B2-1760-4266-BCC7-CA923CBCF16C}") = "docker-compose", "docker-compose.dcproj", "{6DBD4382-1683-4C40-B0B6-E995C93D0A59}"
EndProject
Global
	GlobalSection(SolutionConfigurationPlatforms) = preSolution
		Debug|Any CPU = Debug|Any CPU
		Release|Any CPU = Release|Any CPU
	EndGlobalSection
	GlobalSection(ProjectConfigurationPlatforms) = postSolution
		{C5A650AD-29B0-46F3-A4E9-7B0B42179C2A}.Debug|Any CPU.ActiveCfg = Debug|Any CPU
		{C5A650AD-29B0-46F3-A4E9-7B0B42179C2A}.Debug|Any CPU.Build.0 = Debug|Any CPU
		{C5A650AD-29B0-46F3-A4E9-7B0B42179C2A}.Release|Any CPU.ActiveCfg = Release|Any CPU
		{C5A650AD-29B0-46F3-A4E9-7B0B42179C2A}.Release|Any CPU.Build.0 = Release|Any CPU
		{AF37578E-99F9-4BE7-B740-872A31A1A5D5}.Debug|Any CPU.ActiveCfg = Debug|Any CPU
		{AF37578E-99F9-4BE7-B740-872A31A1A5D5}.Debug|Any CPU.Build.0 = Debug|Any CPU
		{AF37578E-99F9-4BE7-B740-872A31A1A5D5}.Release|Any CPU.ActiveCfg = Release|Any CPU
		{AF37578E-99F9-4BE7-B740-872A31A1A5D5}.Release|Any CPU.Build.0 = Release|Any CPU
		{8F4D845C-B110-4A1D-A1F0-B53C0D82598E}.Debug|Any CPU.ActiveCfg = Debug|Any CPU
		{8F4D845C-B110-4A1D-A1F0-B53C0D82598E}.Debug|Any CPU.Build.0 = Debug|Any CPU
		{8F4D845C-B110-4A1D-A1F0-B53C0D82598E}.Release|Any CPU.ActiveCfg = Release|Any CPU
		{8F4D845C-B110-4A1D-A1F0-B53C0D82598E}.Release|Any CPU.Build.0 = Release|Any CPU
		{9B2A2D0A-3F18-49F1-BEF5-828E302B5B4F}.Debug|Any CPU.ActiveCfg = Debug|Any CPU
		{9B2A2D0A-3F18-49F1-BEF5-828E302B5B4F}.Debug|Any CPU.Build.0 = Debug|Any CPU
		{9B2A2D0A-3F18-49F1-BEF5-828E302B5B4F}.Release|Any CPU.ActiveCfg = Release|Any CPU
		{9B2A2D0A-3F18-49F1-BEF5-828E302B5B4F}.Release|Any CPU.Build.0 = Release|Any CPU
		{78BEF6A6-92E8-4303-BE5A-909C5C827F9C}.Debug|Any CPU.ActiveCfg = Debug|Any CPU
		{78BEF6A6-92E8-4303-BE5A-909C5C827F9C}.Debug|Any CPU.Build.0 = Debug|Any CPU
		{78BEF6A6-92E8-4303-BE5A-909C5C827F9C}.Release|Any CPU.ActiveCfg = Release|Any CPU
		{78BEF6A6-92E8-4303-BE5A-909C5C827F9C}.Release|Any CPU.Build.0 = Release|Any CPU
		{6DBD4382-1683-4C40-B0B6-E995C93D0A59}.Debug|Any CPU.ActiveCfg = Debug|Any CPU
		{6DBD4382-1683-4C40-B0B6-E995C93D0A59}.Debug|Any CPU.Build.0 = Debug|Any CPU
		{6DBD4382-1683-4C40-B0B6-E995C93D0A59}.Release|Any CPU.ActiveCfg = Release|Any CPU
		{6DBD4382-1683-4C40-B0B6-E995C93D0A59}.Release|Any CPU.Build.0 = Release|Any CPU
	EndGlobalSection
	GlobalSection(SolutionProperties) = preSolution
		HideSolutionNode = FALSE
	EndGlobalSection
	GlobalSection(NestedProjects) = preSolution
		{C4600D1E-955B-4483-B044-3AAEE0E6575C} = {5FE67C49-4178-4B33-A2DB-E70F468D9AE4}
		{40AABAC4-39C2-41AD-A429-FFC7EAA28235} = {390383C4-8228-4EDD-9026-6E9D04196D98}
		{390383C4-8228-4EDD-9026-6E9D04196D98} = {5FE67C49-4178-4B33-A2DB-E70F468D9AE4}
		{C5A650AD-29B0-46F3-A4E9-7B0B42179C2A} = {C4600D1E-955B-4483-B044-3AAEE0E6575C}
		{AF37578E-99F9-4BE7-B740-872A31A1A5D5} = {214831DC-D2C5-473B-8CE9-16D2FF8A26AC}
		{8F4D845C-B110-4A1D-A1F0-B53C0D82598E} = {40AABAC4-39C2-41AD-A429-FFC7EAA28235}
		{9B2A2D0A-3F18-49F1-BEF5-828E302B5B4F} = {BE4E87E7-4E3A-47D2-A6EA-E766C01DAAB9}
		{78BEF6A6-92E8-4303-BE5A-909C5C827F9C} = {91C90149-0572-4A62-8FBD-07675A6EEC2F}
	EndGlobalSection
	GlobalSection(ExtensibilityGlobals) = postSolution
		SolutionGuid = {93C4DAF9-5C5B-41FC-8224-9610E092B92E}
	EndGlobalSection
EndGlobal
